<?xml version="1.0" encoding="utf-8"?>
<Project ToolsVersion="4.0" xmlns="http://schemas.microsoft.com/developer/msbuild/2003">
  <ItemGroup>
    <FxCompile Include="Assets\Shaders\BasicPixelShader.hlsl" />
    <FxCompile Include="Assets\Shaders\BasicVertexShader.hlsl" />
    <FxCompile Include="Assets\Shaders\FbxTestPixelShader.hlsl" />
    <FxCompile Include="Assets\Shaders\FbxTestVertexShader.hlsl" />
    <FxCompile Include="Assets\Shaders\PeraPolygonPixelShader.hlsl" />
    <FxCompile Include="Assets\Shaders\PeraPolygonVertexShader.hlsl" />
    <FxCompile Include="Assets\Shaders\SpritePixelShader.hlsl" />
    <FxCompile Include="Assets\Shaders\SpriteVertexShader.hlsl" />
  </ItemGroup>
  <ItemGroup>
    <ClCompile Include="Game\BackGround\BackGround.cpp" />
    <ClCompile Include="Game\Feature\FeatureBuilder.cpp" />
    <ClCompile Include="Game\GameActorCollider.cpp" />
    <ClCompile Include="Game\Item\AllItemList.cpp" />
    <ClCompile Include="Game\CSV\CSVManager.cpp" />
    <ClCompile Include="Game\Feature\FeatureManager.cpp" />
    <ClCompile Include="Game\Monster\MonsterList.cpp" />
    <ClCompile Include="Game\Samples\AnimationEventSample.cpp" />
    <ClCompile Include="Game\Samples\CharacterControllerSample.cpp" />
    <ClCompile Include="Game\Samples\GetBoneMatrixSample.cpp" />
    <ClCompile Include="Game\Samples\PhysicsSample.cpp" />
    <ClCompile Include="Game\Samples\TriggerSample.cpp" />
    <ClCompile Include="Game\Skill\ActiveSkill.cpp" />
    <ClCompile Include="Game\Samples\FontSample.cpp" />
    <ClCompile Include="Game\Samples\SampleMain.cpp" />
    <ClCompile Include="Game\Samples\SkeltalAnimationSample.cpp" />
    <ClCompile Include="Game\Samples\SpriteSample.cpp" />
    <ClCompile Include="Game\Feature\Feature.cpp" />
    <ClCompile Include="Game\Feature\ApplyDamageFeature.cpp" />
    <ClCompile Include="Game\Feature\BuffDebuff.cpp" />
    <ClCompile Include="Game\Feature\AbnormalStatus\AbnormalStatus.cpp" />
    <ClCompile Include="Application.cpp" />
    <ClCompile Include="Game\GameActor.cpp" />
    <ClCompile Include="Game\Armor\Armor.cpp" />
    <ClCompile Include="Game\Camera\CameraAction.cpp" />
    <ClCompile Include="Game\Camera\CameraInput.cpp" />
    <ClCompile Include="Game\InputMapping.cpp" />
    <ClCompile Include="Game\Player\Player.cpp" />
    <ClCompile Include="Game\Player\PlayerInput.cpp" />
    <ClCompile Include="Game\Player\PlayerAction.cpp" />
    <ClCompile Include="Game\Camera\MainCamera.cpp" />
    <ClCompile Include="Game\Player\PlayerStatus.cpp" />
    <ClCompile Include="Game\Monster\Monster.cpp" />
    <ClCompile Include="Game\Weapon\Weapon.cpp" />
    <ClCompile Include="Game\Feature\HealFeature.cpp" />
    <ClCompile Include="Game\Skill\Skill.cpp" />
    <ClCompile Include="Game\Skill\PassiveSkill.cpp" />
    <ClCompile Include="Game\Player\PlayerAnimation\PlayerAnimation.cpp" />
    <ClCompile Include="Game\Item\Item.cpp" />
    <ClCompile Include="Game\Item\SelfItem.cpp" />
    <ClCompile Include="Game\Item\ThrowItem.cpp" />
    <ClCompile Include="Game\Item\ItemManager.cpp" />
    <ClCompile Include="Game\Feature\AbnormalStatus\Paralysis.cpp" />
    <ClCompile Include="Game\Skill\PassiveSkillManager.cpp" />
    <ClCompile Include="Game\Monster\MonsterAnimation.cpp" />
    <ClCompile Include="Game\Player\PlayerCollider.cpp" />
    <ClCompile Include="Game\Item\ItemCollision.cpp" />
    <ClCompile Include="YonemaEngine\DebugSystem\DisplayFPS.cpp" />
    <ClCompile Include="YonemaEngine\DebugSystem\SimpleMover.cpp" />
    <ClCompile Include="YonemaEngine\Graphics\Animations\AnimationClip.cpp" />
    <ClCompile Include="YonemaEngine\Graphics\Animations\Animator.cpp" />
    <ClCompile Include="YonemaEngine\Graphics\Animations\Skelton.cpp" />
    <ClCompile Include="YonemaEngine\Graphics\DebugRenderers\PhysicsDebugLineGenericRenderer.cpp" />
    <ClCompile Include="YonemaEngine\Graphics\DebugRenderers\PhysicsDebugLineRenderer.cpp" />
    <ClCompile Include="Game\Feature\AbnormalStatus\Poison.cpp" />
    <ClCompile Include="Game\Status.cpp" />
    <ClCompile Include="Game\Monster\MonsterStatus.cpp" />
    <ClCompile Include="YonemaEngine\Graphics\Fonts\FontEngine.cpp" />
    <ClCompile Include="YonemaEngine\Graphics\Fonts\FontRenderer.cpp" />
    <ClCompile Include="YonemaEngine\Graphics\Fonts\SpriteFontWrapper.cpp" />
    <ClCompile Include="YonemaEngine\Graphics\Sprites\Sprite.cpp" />
    <ClCompile Include="YonemaEngine\Graphics\Sprites\SpriteGenericRenderer.cpp" />
    <ClCompile Include="YonemaEngine\Graphics\Sprites\TransSpriteGenericRenderer.cpp" />
    <ClCompile Include="YonemaEngine\Input\Keyboard.cpp" />
    <ClCompile Include="YonemaEngine\Input\InputManager.cpp" />
    <ClCompile Include="YonemaEngine\Input\Gamepad.cpp" />
    <ClCompile Include="Game\Game.cpp" />
    <ClCompile Include="YonemaEngine\Graphics\Renderers\ModelRendererBase.cpp" />
    <ClCompile Include="YonemaEngine\Graphics\Renderers\ModelRenderer.cpp" />
    <ClCompile Include="YonemaEngine\Graphics\Renderers\SpriteRenderer.cpp" />
    <ClCompile Include="YonemaEngine\Graphics\Renderers\RendererTable.cpp" />
    <ClCompile Include="YonemaEngine\Graphics\Renderers\Renderer.cpp" />
    <ClCompile Include="YonemaEngine\GameObject\GameObject.cpp" />
    <ClCompile Include="YonemaEngine\GameObject\GameObjectManager.cpp" />
    <ClCompile Include="YonemaEngine\Graphics\SimplePostEffectGenericRenderer.cpp" />
    <ClCompile Include="YonemaEngine\Graphics\Renderers\GenericRenderer.cpp" />
    <ClCompile Include="YonemaEngine\Graphics\Dx12Wrappers\CommandList.cpp" />
    <ClCompile Include="YonemaEngine\Graphics\Dx12Wrappers\Shader.cpp" />
    <ClCompile Include="YonemaEngine\Graphics\Dx12Wrappers\PipelineState.cpp" />
    <ClCompile Include="YonemaEngine\Graphics\Dx12Wrappers\Blob.cpp" />
    <ClCompile Include="YonemaEngine\Graphics\Dx12Wrappers\RootSignature.cpp" />
    <ClCompile Include="YonemaEngine\Graphics\Dx12Wrappers\IndexBuffer.cpp" />
    <ClCompile Include="YonemaEngine\Graphics\Dx12Wrappers\VertexBuffer.cpp" />
    <ClCompile Include="YonemaEngine\Graphics\Dx12Wrappers\FrameBuffer.cpp" />
    <ClCompile Include="YonemaEngine\Graphics\Dx12Wrappers\DescriptorHeap.cpp" />
    <ClCompile Include="YonemaEngine\Graphics\Dx12Wrappers\ConstantBuffer.cpp" />
    <ClCompile Include="YonemaEngine\Graphics\Camera.cpp" />
    <ClCompile Include="YonemaEngine\Graphics\Dx12Wrappers\RenderTarget.cpp" />
    <ClCompile Include="YonemaEngine\Physics\ContactEvent.cpp" />
    <ClCompile Include="YonemaEngine\Physics\ContactReportCallback.cpp" />
    <ClCompile Include="YonemaEngine\Physics\ExtendedDataForRigidActor.cpp" />
    <ClCompile Include="YonemaEngine\Physics\PhysicsDynamicObject.cpp" />
    <ClCompile Include="YonemaEngine\Physics\PhysicsEngine.cpp" />
    <ClCompile Include="YonemaEngine\Physics\PhysicsObject.cpp" />
    <ClCompile Include="YonemaEngine\Physics\PhysicsStaticObject.cpp" />
    <ClCompile Include="YonemaEngine\Physics\PhysicsTriggerObject.cpp" />
    <ClCompile Include="YonemaEngine\Physics\RayCast.cpp" />
    <ClCompile Include="YonemaEngine\Time\GameTime.cpp" />
    <ClCompile Include="YonemaEngine\Math\Quaternion.cpp" />
    <ClCompile Include="YonemaEngine\Math\Vector2.cpp" />
    <ClCompile Include="YonemaEngine\Math\Vector3.cpp" />
    <ClCompile Include="YonemaEngine\Math\Matrix.cpp" />
    <ClCompile Include="YonemaEngine\Math\Vector4.cpp" />
    <ClCompile Include="YonemaEngine\Graphics\Dx12Wrappers\Texture.cpp" />
    <ClCompile Include="YonemaEngine\GameWindow\MessageBox.cpp" />
    <ClCompile Include="YonemaEngine\Graphics\GraphicsEngine.cpp" />
    <ClCompile Include="YonemaEngine\GameWindow\GameWindow.cpp" />
    <ClCompile Include="YonemaEngine\Utils\StringManipulation.cpp" />
    <ClCompile Include="YonemaEngine\YonemaEngine.cpp" />
    <ClCompile Include="main.cpp" />
    <ClCompile Include="YonemaEngine\PreCompileHeader\YonemaEnginePreCompile.cpp" />
    <ClCompile Include="YonemaEngine\Utils\Random.cpp" />
    <ClCompile Include="Game\Player\PlayerWeaponManager.cpp" />
    <ClCompile Include="YonemaEngine\Graphics\Models\AssimpCommon.cpp" />
    <ClCompile Include="YonemaEngine\Graphics\Models\BasicGenericRenderer.cpp" />
    <ClCompile Include="YonemaEngine\Graphics\Models\BasicModelRenderer.cpp" />
    <ClCompile Include="YonemaEngine\Graphics\Models\SkinGenericRenderer.cpp" />
    <ClCompile Include="Game\Player\PlayerAnimation\PlayerAnimationEvent.cpp" />
    <ClCompile Include="Game\CreateTrigger.cpp" />
    <ClCompile Include="YonemaEngine\Effect\EffectEngine.cpp" />
    <ClCompile Include="YonemaEngine\Effect\EffectPlayer.cpp" />
    <ClCompile Include="Game\Samples\EffectSample.cpp" />
    <ClCompile Include="Game\Samples\SoundSample.cpp" />
    <ClCompile Include="YonemaEngine\Sound\SoundEngine.cpp" />
    <ClCompile Include="YonemaEngine\Sound\SoundPlayer.cpp" />
    <ClCompile Include="YonemaEngine\Sound\SoundSource.cpp" />
    <ClCompile Include="YonemaEngine\Sound\WaveFile.cpp" />
    <ClCompile Include="YonemaEngine\Memory\ResourceBankTable.cpp" />
    <ClCompile Include="Game\Samples\NavMeshSample.cpp" />
    <ClCompile Include="YonemaEngine\AI\Navigations\NavCell.cpp" />
    <ClCompile Include="YonemaEngine\AI\Navigations\NavMesh.cpp" />
    <ClCompile Include="YonemaEngine\AI\Navigations\Path.cpp" />
    <ClCompile Include="YonemaEngine\AI\Navigations\PathFinding.cpp" />
    <ClCompile Include="YonemaEngine\Geometries\BSPTree.cpp" />
    <ClCompile Include="YonemaEngine\Level3D\Level3D.cpp" />
    <ClCompile Include="YonemaEngine\Level3D\LevelChip.cpp" />
    <ClCompile Include="YonemaEngine\Physics\CharacterController.cpp" />
    <ClCompile Include="Game\Monster\MonsterCollider.cpp" />
    <ClCompile Include="Game\Monster\AI\AITask\MonsterAITask.cpp" />
    <ClCompile Include="Game\Monster\AI\AITask\AITaskFindGameActor.cpp" />
    <ClCompile Include="Game\Monster\AI\AIPart.cpp" />
    <ClCompile Include="Game\Monster\AI\AISequence.cpp" />
    <ClCompile Include="Game\Monster\AI\AISelector.cpp" />
    <ClCompile Include="Game\Monster\AI\MonsterAIController.cpp" />
    <ClCompile Include="Game\Monster\AI\AITask\AITaskRotateToTargetPosition.cpp" />
    <ClCompile Include="Game\Monster\AI\AITask\AITaskSetTargetPosition.cpp" />
    <ClCompile Include="Game\Monster\AI\AITask\AITaskMove.cpp" />
    <ClCompile Include="Game\Monster\AI\AITask\AITaskWait.cpp" />
    <ClCompile Include="Game\Monster\MonsterAnimationEvent.cpp" />
    <ClCompile Include="Game\Monster\AI\AITask\AITaskAttack.cpp" />
    <ClCompile Include="Game\Samples\ModelRendererSample.cpp" />
    <ClCompile Include="Game\Samples\LoadAsynchronousSample.cpp" />
    <ClCompile Include="YonemaEngine\Thread\LoadtModelThread.cpp" />
    <ClCompile Include="Game\Monster\AI\AITask\AITaskBark.cpp" />
    <ClCompile Include="Game\Monster\AI\AITask\AITaskFindTarget.cpp" />
    <ClCompile Include="Game\Monster\AI\AIDecorator.cpp" />
    <ClCompile Include="Game\Monster\AI\AITask\AITaskSetFlag.cpp" />
    <ClCompile Include="Game\Monster\AI\AITask\AITaskIsButtle.cpp" />
    <ClCompile Include="Game\Monster\AI\AITask\AITaskStandBy.cpp" />
    <ClCompile Include="YonemaEngine\Level2D\Level2D.cpp" />
    <ClCompile Include="Game\Samples\DrawInstancingSample.cpp" />
    <ClCompile Include="Game\Samples\DrawWorldSample.cpp" />
    <ClCompile Include="YonemaEngine\Graphics\Dx12Wrappers\StructuredBuffer.cpp" />
    <ClCompile Include="YonemaEngine\Graphics\Models\InstancingGenericRenderer.cpp" />
    <ClCompile Include="YonemaEngine\Geometries\AABB.cpp" />
    <ClCompile Include="YonemaEngine\Geometries\GeometryData.cpp" />
    <ClCompile Include="Game\Samples\ShareAnimationSample.cpp" />
    <ClCompile Include="YonemaEngine\Graphics\DefaultTextures.cpp" />
  </ItemGroup>
  <ItemGroup>
    <ClInclude Include="Game\BackGround\BackGround.h" />
    <ClInclude Include="Game\Feature\FeatureBuilder.h" />
    <ClInclude Include="Game\GameActorCollider.h" />
    <ClInclude Include="Game\Item\AllItemList.h" />
    <ClInclude Include="Game\CSV\CSVManager.h" />
    <ClInclude Include="Game\Feature\FeatureManager.h" />
    <ClInclude Include="Game\Monster\MonsterList.h" />
    <ClInclude Include="Game\PhysicsAttributes.h" />
    <ClInclude Include="Game\Samples\AnimationEventSample.h" />
    <ClInclude Include="Game\Samples\CharacterControllerSample.h" />
    <ClInclude Include="Game\Samples\GetBoneMatrixSample.h" />
    <ClInclude Include="Game\Samples\PhysicsSample.h" />
    <ClInclude Include="Game\Samples\TriggerSample.h" />
    <ClInclude Include="Game\Skill\ActiveSkill.h" />
    <ClInclude Include="Game\FontTypeList.h" />
    <ClInclude Include="Game\Samples\FontSample.h" />
    <ClInclude Include="Game\Samples\SampleMain.h" />
    <ClInclude Include="Game\Samples\SkeltalAnimationSample.h" />
    <ClInclude Include="Game\Samples\SpriteSample.h" />
    <ClInclude Include="Game\Feature\Feature.h" />
    <ClInclude Include="Game\Feature\ApplyDamageFeature.h" />
    <ClInclude Include="Game\Feature\BuffDebuff.h" />
    <ClInclude Include="Game\Feature\AbnormalStatus\AbnormalStatus.h" />
    <ClInclude Include="Application.h" />
    <ClInclude Include="Game\GameActor.h" />
    <ClInclude Include="Game\Armor\Armor.h" />
    <ClInclude Include="Game\Camera\CameraAction.h" />
    <ClInclude Include="Game\Camera\CameraInput.h" />
    <ClInclude Include="Game\InputMapping.h" />
    <ClInclude Include="Game\Player\Player.h" />
    <ClInclude Include="Game\Player\PlayerInput.h" />
    <ClInclude Include="Game\Player\PlayerAction.h" />
    <ClInclude Include="Game\Camera\MainCamera.h" />
    <ClInclude Include="Game\Player\PlayerStatus.h" />
    <ClInclude Include="Game\Monster\Monster.h" />
    <ClInclude Include="Game\Weapon\Weapon.h" />
    <ClInclude Include="Game\Feature\HealFeature.h" />
    <ClInclude Include="Game\Skill\Skill.h" />
    <ClInclude Include="Game\Skill\PassiveSkill.h" />
    <ClInclude Include="Game\Player\PlayerAnimation\PlayerAnimation.h" />
    <ClInclude Include="Game\Item\Item.h" />
    <ClInclude Include="Game\Item\SelfItem.h" />
    <ClInclude Include="Game\Item\ThrowItem.h" />
    <ClInclude Include="Game\Item\ItemManager.h" />
    <ClInclude Include="Game\Feature\AbnormalStatus\Paralysis.h" />
    <ClInclude Include="Game\Skill\PassiveSkillManager.h" />
    <ClInclude Include="Game\Monster\MonsterAnimation.h" />
    <ClInclude Include="Game\Player\PlayerCollider.h" />
    <ClInclude Include="Game\Item\ItemCollision.h" />
    <ClInclude Include="YonemaEngine\DebugSystem\DisplayFPS.h" />
    <ClInclude Include="YonemaEngine\DebugSystem\SimpleMover.h" />
    <ClInclude Include="YonemaEngine\Graphics\Animations\AnimationClip.h" />
    <ClInclude Include="YonemaEngine\Graphics\Animations\Animator.h" />
    <ClInclude Include="YonemaEngine\Graphics\Animations\Skelton.h" />
    <ClInclude Include="YonemaEngine\Graphics\AssimpCommonHeader.h" />
    <ClInclude Include="YonemaEngine\Graphics\DebugRenderers\PhysicsDebugLineGenericRenderer.h" />
    <ClInclude Include="YonemaEngine\Graphics\DebugRenderers\PhysicsDebugLineRenderer.h" />
    <ClInclude Include="Game\Feature\AbnormalStatus\Poison.h" />
    <ClInclude Include="Game\Status.h" />
    <ClInclude Include="Game\Monster\MonsterStatus.h" />
    <ClInclude Include="YonemaEngine\Graphics\Fonts\FontEngine.h" />
    <ClInclude Include="YonemaEngine\Graphics\Fonts\FontRenderer.h" />
    <ClInclude Include="YonemaEngine\Graphics\Fonts\SpriteFontWrapper.h" />
    <ClInclude Include="YonemaEngine\Graphics\Sprites\Sprite.h" />
    <ClInclude Include="YonemaEngine\Graphics\Sprites\SpriteGenericRenderer.h" />
    <ClInclude Include="YonemaEngine\Graphics\Sprites\TransSpriteGenericRenderer.h" />
    <ClInclude Include="YonemaEngine\Input\InputManagerData.h" />
    <ClInclude Include="YonemaEngine\Input\Keyboard.h" />
    <ClInclude Include="YonemaEngine\Input\InputManager.h" />
    <ClInclude Include="YonemaEngine\Input\Gamepad.h" />
    <ClInclude Include="Game\Game.h" />
    <ClInclude Include="Game\GamePreCompile.h" />
    <ClInclude Include="YonemaEngine\Graphics\Renderers\ModelRendererBase.h" />
    <ClInclude Include="YonemaEngine\Graphics\Renderers\ModelRenderer.h" />
    <ClInclude Include="YonemaEngine\Graphics\Renderers\SpriteRenderer.h" />
    <ClInclude Include="YonemaEngine\Graphics\Renderers\RendererTable.h" />
    <ClInclude Include="YonemaEngine\Graphics\Renderers\Renderer.h" />
    <ClInclude Include="YonemaEngine\CommonLibrary\CommonDataLibrary.h" />
    <ClInclude Include="YonemaEngine\CommonLibrary\CommonLibrary.h" />
    <ClInclude Include="YonemaEngine\GameObject\GameObject.h" />
    <ClInclude Include="YonemaEngine\GameObject\GameObjectManager.h" />
    <ClInclude Include="YonemaEngine\Graphics\SimplePostEffectGenericRenderer.h" />
    <ClInclude Include="YonemaEngine\Graphics\Renderers\GenericRenderer.h" />
    <ClInclude Include="YonemaEngine\Graphics\Dx12Wrappers\CommandList.h" />
    <ClInclude Include="YonemaEngine\Graphics\Dx12Wrappers\CommandList_Inline.h" />
    <ClInclude Include="YonemaEngine\Graphics\Dx12Wrappers\Shader.h" />
    <ClInclude Include="YonemaEngine\Graphics\Dx12Wrappers\PipelineState.h" />
    <ClInclude Include="YonemaEngine\Graphics\Dx12Wrappers\Blob.h" />
    <ClInclude Include="YonemaEngine\Graphics\Dx12Wrappers\RootSignature.h" />
    <ClInclude Include="YonemaEngine\Graphics\Dx12Wrappers\IndexBuffer.h" />
    <ClInclude Include="YonemaEngine\Graphics\Dx12Wrappers\VertexBuffer.h" />
    <ClInclude Include="YonemaEngine\Graphics\Dx12Wrappers\Dx12Wrappers_Include.h" />
    <ClInclude Include="YonemaEngine\Graphics\Dx12Wrappers\FrameBuffer.h" />
    <ClInclude Include="YonemaEngine\Graphics\Dx12Wrappers\DescriptorHeap.h" />
    <ClInclude Include="YonemaEngine\Graphics\Dx12Wrappers\ConstantBuffer.h" />
    <ClInclude Include="YonemaEngine\Graphics\Camera.h" />
    <ClInclude Include="YonemaEngine\Graphics\Dx12Wrappers\RenderTarget.h" />
    <ClInclude Include="YonemaEngine\Physics\ContactEvent.h" />
    <ClInclude Include="YonemaEngine\Physics\ContactReportCallback.h" />
    <ClInclude Include="YonemaEngine\Physics\ExtendedDataForRigidActor.h" />
    <ClInclude Include="YonemaEngine\Physics\PhysicsCommonFunc.h" />
    <ClInclude Include="YonemaEngine\Physics\PhysicsDynamicObject.h" />
    <ClInclude Include="YonemaEngine\Physics\PhysicsEngine.h" />
    <ClInclude Include="YonemaEngine\Physics\PhysicsObject.h" />
    <ClInclude Include="YonemaEngine\Physics\PhysicsStaticObject.h" />
    <ClInclude Include="YonemaEngine\Physics\PhysicsTriggerObject.h" />
    <ClInclude Include="YonemaEngine\Physics\RayCast.h" />
    <ClInclude Include="YonemaEngine\Time\GameTime.h" />
    <ClInclude Include="YonemaEngine\Math\Math.h" />
    <ClInclude Include="YonemaEngine\Math\Quaternion.h" />
    <ClInclude Include="YonemaEngine\Math\Vector2.h" />
    <ClInclude Include="YonemaEngine\Math\Vector3.h" />
    <ClInclude Include="YonemaEngine\Math\Matrix.h" />
    <ClInclude Include="YonemaEngine\Math\Vector4.h" />
    <ClInclude Include="YonemaEngine\Graphics\Dx12Wrappers\Texture.h" />
    <ClInclude Include="YonemaEngine\GameWindow\MessageBox.h" />
    <ClInclude Include="YonemaEngine\Time\Timer.h" />
    <ClInclude Include="YonemaEngine\Utils\AlignSize.h" />
    <ClInclude Include="YonemaEngine\Utils\StringManipulation.h" />
    <ClInclude Include="YonemaEngine\Utils\Noncopyable.h" />
    <ClInclude Include="YonemaEngine\Graphics\GraphicsEngine.h" />
    <ClInclude Include="YonemaEngine\GameWindow\GameWindow.h" />
    <ClInclude Include="YonemaEngine\Memory\ResourceBank.h" />
    <ClInclude Include="YonemaEngine\YonemaEngine.h" />
    <ClInclude Include="YonemaEngine\PreCompileHeader\YonemaEnginePreCompile.h" />
    <ClInclude Include="YonemaEngine\CommonLibrary\CommonFunctionLibrary.h" />
    <ClInclude Include="YonemaEngine\Utils\Random.h" />
    <ClInclude Include="Game\Player\PlayerWeaponManager.h" />
    <ClInclude Include="YonemaEngine\Graphics\Models\AssimpCommon.h" />
    <ClInclude Include="YonemaEngine\Graphics\Models\BasicGenericRenderer.h" />
    <ClInclude Include="YonemaEngine\Graphics\Models\BasicModelRenderer.h" />
    <ClInclude Include="YonemaEngine\Graphics\Models\SkinGenericRenderer.h" />
    <ClInclude Include="Game\Player\PlayerAnimation\PlayerAnimationEvent.h" />
    <ClInclude Include="Game\CreateTrigger.h" />
    <ClInclude Include="YonemaEngine\Physics\CharacterController.h" />
    <ClInclude Include="YonemaEngine\Effect\EffectEngine.h" />
    <ClInclude Include="YonemaEngine\Effect\EffectPlayer.h" />
    <ClInclude Include="Game\Samples\EffectSample.h" />
    <ClInclude Include="Game\SubmixType.h" />
    <ClInclude Include="Game\Samples\SoundSample.h" />
    <ClInclude Include="YonemaEngine\Sound\SoundEngine.h" />
    <ClInclude Include="YonemaEngine\Sound\SoundPlayer.h" />
    <ClInclude Include="YonemaEngine\Sound\SoundSource.h" />
    <ClInclude Include="YonemaEngine\Sound\WaveFile.h" />
    <ClInclude Include="YonemaEngine\Memory\ResourceBankTable.h" />
    <ClInclude Include="Game\Samples\NavMeshSample.h" />
    <ClInclude Include="YonemaEngine\AI\Navigations\NavCell.h" />
    <ClInclude Include="YonemaEngine\AI\Navigations\NavMesh.h" />
    <ClInclude Include="YonemaEngine\AI\Navigations\Path.h" />
    <ClInclude Include="YonemaEngine\AI\Navigations\PathFinding.h" />
    <ClInclude Include="YonemaEngine\Geometries\BSPTree.h" />
    <ClInclude Include="YonemaEngine\Geometries\EigenJacobiMethod.h" />
    <ClInclude Include="YonemaEngine\Level3D\Level3D.h" />
    <ClInclude Include="YonemaEngine\Level3D\LevelChip.h" />
    <ClInclude Include="Game\Monster\MonsterCollider.h" />
    <ClInclude Include="Game\Monster\AI\AITask\MonsterAITask.h" />
    <ClInclude Include="Game\Monster\AI\AITask\AITaskFindGameActor.h" />
    <ClInclude Include="Game\Monster\AI\AIPart.h" />
    <ClInclude Include="Game\Monster\AI\AISequence.h" />
    <ClInclude Include="Game\Monster\AI\AISelector.h" />
    <ClInclude Include="Game\Monster\AI\MonsterAIBlackboard.h" />
    <ClInclude Include="Game\Monster\AI\MonsterAIController.h" />
    <ClInclude Include="Game\Monster\AI\AITask\AITaskBuilder.h" />
    <ClInclude Include="Game\Monster\AI\AITask\AITaskRotateToTargetPosition.h" />
    <ClInclude Include="Game\Monster\AI\AITask\AITaskSetTargetPosition.h" />
    <ClInclude Include="Game\Monster\AI\AITask\AITaskMove.h" />
    <ClInclude Include="Game\Monster\AI\AITask\AITaskWait.h" />
    <ClInclude Include="Game\Monster\MonsterAnimationEvent.h" />
    <ClInclude Include="Game\Monster\AI\AITask\AITaskAttack.h" />
    <ClInclude Include="Game\Samples\ModelRendererSample.h" />
    <ClInclude Include="Game\Samples\LoadAsynchronousSample.h" />
    <ClInclude Include="YonemaEngine\Thread\LoadModelThread.h" />
    <ClInclude Include="Game\Monster\AI\AITask\AITaskBark.h" />
    <ClInclude Include="Game\Monster\AI\AITask\AITaskFindTarget.h" />
    <ClInclude Include="Game\Monster\AI\AIDecorator.h" />
    <ClInclude Include="Game\Monster\AI\AITask\AITaskSetFlag.h" />
    <ClInclude Include="Game\Monster\AI\AITask\AITaskIsButtle.h" />
    <ClInclude Include="Game\Monster\AI\AITask\AITaskStandBy.h" />
    <ClInclude Include="YonemaEngine\Level2D\Level2D.h" />
    <ClInclude Include="YonemaEngine\Level2D\Level2DSpriteData.h" />
    <ClInclude Include="Game\Samples\DrawInstancingSample.h" />
    <ClInclude Include="Game\Samples\DrawWorldSample.h" />
    <ClInclude Include="YonemaEngine\Graphics\Dx12Wrappers\StructuredBuffer.h" />
    <ClInclude Include="YonemaEngine\Graphics\Models\InstancingGenericRenderer.h" />
    <ClInclude Include="YonemaEngine\Geometries\AABB.h" />
    <ClInclude Include="YonemaEngine\Geometries\GeometryData.h" />
    <ClInclude Include="Game\Samples\ShareAnimationSample.h" />
    <ClInclude Include="YonemaEngine\Graphics\DefaultTextures.h" />
  </ItemGroup>
  <ItemGroup>
    <Image Include="Assets\Images\StarMan.png" />
  </ItemGroup>
  <ItemGroup>
    <None Include="Assets\Shaders\BasicHeader.hlsli" />
    <None Include="Assets\Shaders\FbxTestHeader.hlsli" />
    <None Include="Assets\Shaders\PeraPolygonHeader.hlsli" />
    <None Include="Assets\Shaders\SimplePostEffectHeader.hlsli" />
    <None Include="Assets\Shaders\SpriteHeader.hlsli" />
    <None Include="packages.config" />
  </ItemGroup>
</Project>